
Microsoft Visual Studio Solution File, Format Version 12.00
# Visual Studio Version 16
VisualStudioVersion = 16.0.32407.337
MinimumVisualStudioVersion = 10.0.40219.1
Project("{8BC9CEB8-8B4A-11D0-8D11-00A0C91BC942}") = "HotelSystem", "HotelSystem.vcxproj", "{3B11B765-C5D5-4EB7-9790-A0014B1FA3A4}"
EndProject
Global
	GlobalSection(SolutionConfigurationPlatforms) = preSolution
		Debug|x64 = Debug|x64
		Debug|x86 = Debug|x86
		Release|x64 = Release|x64
		Release|x86 = Release|x86
	EndGlobalSection
	GlobalSection(ProjectConfigurationPlatforms) = postSolution
		{3B11B765-C5D5-4EB7-9790-A0014B1FA3A4}.Debug|x64.ActiveCfg = Debug|x64
		{3B11B765-C5D5-4EB7-9790-A0014B1FA3A4}.Debug|x64.Build.0 = Debug|x64
		{3B11B765-C5D5-4EB7-9790-A0014B1FA3A4}.Debug|x86.ActiveCfg = Debug|Win32
		{3B11B765-C5D5-4EB7-9790-A0014B1FA3A4}.Debug|x86.Build.0 = Debug|Win32
		{3B11B765-C5D5-4EB7-9790-A0014B1FA3A4}.Release|x64.ActiveCfg = Release|x64
		{3B11B765-C5D5-4EB7-9790-A0014B1FA3A4}.Release|x64.Build.0 = Release|x64
		{3B11B765-C5D5-4EB7-9790-A0014B1FA3A4}.Release|x86.ActiveCfg = Release|Win32
		{3B11B765-C5D5-4EB7-9790-A0014B1FA3A4}.Release|x86.Build.0 = Release|Win32
	EndGlobalSection
	GlobalSection(SolutionProperties) = preSolution
		HideSolutionNode = FALSE
	EndGlobalSection
	GlobalSection(ExtensibilityGlobals) = postSolution
		SolutionGuid = {F2F93544-62CD-4327-BB02-918F7967AA1E}
	EndGlobalSection
EndGlobal
